version = 1
requires-python = ">=3.8"

[[package]]
name = "ansi2html"
version = "1.9.2"
source = { registry = "https://pypi.org/simple" }
sdist = { url = "https://files.pythonhosted.org/packages/48/c6/4d19d2bbf2137b2b46e2e1a98b2f31f2eadec9c1c4c7b86e850f0027adeed/ansi2html-1.9.2.tar.gz", hash = "sha256:03810192a23c9b4c1ea27e49b9e64c0ecf5f2fcfaa0f5e6ff20e4b4bceed1651", size = 36766 }
wheels = [
    { url = "https://files.pythonhosted.org/packages/22/7a/5ad89978d4b1db3cfd16bbb5a55e0bc42ff8b6b29bdec2d63b8c1f46bda96/ansi2html-1.9.2-py3-none-any.whl", hash = "sha256:e5594635526acf42d20a9bab60b18c7ce714cdf2b2b71e62b83f4b3c1f5c0ce7", size = 26316 },
]

[[package]]
name = "htty-env"
version = "0.1.0"
source = { virtual = "." }
dependencies = [
    { name = "ansi2html" },
    { name = "htty_core" },
]

[package.metadata]
requires-dist = [
    { name = "ansi2html", specifier = "*" },
    { name = "htty_core", specifier = "*" },
]

[[package]]
name = "htty_core"
version = "0.3.0"
source = { virtual = "." }

[package.metadata]
requires-dist = []